
Microsoft Visual Studio Solution File, Format Version 12.00
# Visual Studio Version 16
VisualStudioVersion = 16.0.30104.148
MinimumVisualStudioVersion = 10.0.40219.1
Project("{FAE04EC0-301F-11D3-BF4B-00C04F79EFBC}") = "eshop.basket", "eshop.basket\eshop.basket.csproj", "{75F701D0-76E6-4628-B71D-EDEEC7462326}"
EndProject
Global
	GlobalSection(SolutionConfigurationPlatforms) = preSolution
		Debug|Any CPU = Debug|Any CPU
		Release|Any CPU = Release|Any CPU
	EndGlobalSection
	GlobalSection(ProjectConfigurationPlatforms) = postSolution
		{75F701D0-76E6-4628-B71D-EDEEC7462326}.Debug|Any CPU.ActiveCfg = Debug|Any CPU
		{75F701D0-76E6-4628-B71D-EDEEC7462326}.Debug|Any CPU.Build.0 = Debug|Any CPU
		{75F701D0-76E6-4628-B71D-EDEEC7462326}.Release|Any CPU.ActiveCfg = Release|Any CPU
		{75F701D0-76E6-4628-B71D-EDEEC7462326}.Release|Any CPU.Build.0 = Release|Any CPU
	EndGlobalSection
	GlobalSection(SolutionProperties) = preSolution
		HideSolutionNode = FALSE
	EndGlobalSection
	GlobalSection(ExtensibilityGlobals) = postSolution
		SolutionGuid = {43C585B7-5011-4111-9666-9EAB708517BB}
	EndGlobalSection
EndGlobal
